
Microsoft Visual Studio Solution File, Format Version 12.00
# Visual Studio 15
VisualStudioVersion = 15.0.26730.3
MinimumVisualStudioVersion = 10.0.40219.1
Project("{9A19103F-16F7-4668-BE54-9A1E7A4F7556}") = "APIAlturas", "APIAlturas\APIAlturas.csproj", "{A46CD7BF-52DB-41CB-A9F8-F7FA945B50D9}"
EndProject
Project("{9A19103F-16F7-4668-BE54-9A1E7A4F7556}") = "Uol.PagSeguro", "Uol.PagSeguro\Uol.PagSeguro.csproj", "{A4F02632-22D4-419B-8F92-C7A2039E416D}"
EndProject
Project("{9A19103F-16F7-4668-BE54-9A1E7A4F7556}") = "eRede", "eRede\eRede.csproj", "{7F5ED94D-5829-4BE4-B6B7-B4DC4B65BE88}"
EndProject
Project("{9A19103F-16F7-4668-BE54-9A1E7A4F7556}") = "Zelo", "Zelo\Zelo.csproj", "{35DC943C-1BED-4AEC-9FD5-E18F12E18EF0}"
EndProject
Global
	GlobalSection(SolutionConfigurationPlatforms) = preSolution
		Debug|Any CPU = Debug|Any CPU
		Debug|x64 = Debug|x64
		Debug|x86 = Debug|x86
		Release|Any CPU = Release|Any CPU
		Release|x64 = Release|x64
		Release|x86 = Release|x86
	EndGlobalSection
	GlobalSection(ProjectConfigurationPlatforms) = postSolution
		{A46CD7BF-52DB-41CB-A9F8-F7FA945B50D9}.Debug|Any CPU.ActiveCfg = Debug|Any CPU
		{A46CD7BF-52DB-41CB-A9F8-F7FA945B50D9}.Debug|Any CPU.Build.0 = Debug|Any CPU
		{A46CD7BF-52DB-41CB-A9F8-F7FA945B50D9}.Debug|x64.ActiveCfg = Debug|Any CPU
		{A46CD7BF-52DB-41CB-A9F8-F7FA945B50D9}.Debug|x64.Build.0 = Debug|Any CPU
		{A46CD7BF-52DB-41CB-A9F8-F7FA945B50D9}.Debug|x86.ActiveCfg = Debug|Any CPU
		{A46CD7BF-52DB-41CB-A9F8-F7FA945B50D9}.Debug|x86.Build.0 = Debug|Any CPU
		{A46CD7BF-52DB-41CB-A9F8-F7FA945B50D9}.Release|Any CPU.ActiveCfg = Release|Any CPU
		{A46CD7BF-52DB-41CB-A9F8-F7FA945B50D9}.Release|Any CPU.Build.0 = Release|Any CPU
		{A46CD7BF-52DB-41CB-A9F8-F7FA945B50D9}.Release|x64.ActiveCfg = Release|Any CPU
		{A46CD7BF-52DB-41CB-A9F8-F7FA945B50D9}.Release|x64.Build.0 = Release|Any CPU
		{A46CD7BF-52DB-41CB-A9F8-F7FA945B50D9}.Release|x86.ActiveCfg = Release|Any CPU
		{A46CD7BF-52DB-41CB-A9F8-F7FA945B50D9}.Release|x86.Build.0 = Release|Any CPU
		{A4F02632-22D4-419B-8F92-C7A2039E416D}.Debug|Any CPU.ActiveCfg = Debug|Any CPU
		{A4F02632-22D4-419B-8F92-C7A2039E416D}.Debug|Any CPU.Build.0 = Debug|Any CPU
		{A4F02632-22D4-419B-8F92-C7A2039E416D}.Debug|x64.ActiveCfg = Debug|Any CPU
		{A4F02632-22D4-419B-8F92-C7A2039E416D}.Debug|x86.ActiveCfg = Debug|Any CPU
		{A4F02632-22D4-419B-8F92-C7A2039E416D}.Release|Any CPU.ActiveCfg = Release|Any CPU
		{A4F02632-22D4-419B-8F92-C7A2039E416D}.Release|Any CPU.Build.0 = Release|Any CPU
		{A4F02632-22D4-419B-8F92-C7A2039E416D}.Release|x64.ActiveCfg = Release|Any CPU
		{A4F02632-22D4-419B-8F92-C7A2039E416D}.Release|x86.ActiveCfg = Release|Any CPU
		{7F5ED94D-5829-4BE4-B6B7-B4DC4B65BE88}.Debug|Any CPU.ActiveCfg = Debug|Any CPU
		{7F5ED94D-5829-4BE4-B6B7-B4DC4B65BE88}.Debug|Any CPU.Build.0 = Debug|Any CPU
		{7F5ED94D-5829-4BE4-B6B7-B4DC4B65BE88}.Debug|x64.ActiveCfg = Debug|x64
		{7F5ED94D-5829-4BE4-B6B7-B4DC4B65BE88}.Debug|x64.Build.0 = Debug|x64
		{7F5ED94D-5829-4BE4-B6B7-B4DC4B65BE88}.Debug|x86.ActiveCfg = Debug|Any CPU
		{7F5ED94D-5829-4BE4-B6B7-B4DC4B65BE88}.Debug|x86.Build.0 = Debug|Any CPU
		{7F5ED94D-5829-4BE4-B6B7-B4DC4B65BE88}.Release|Any CPU.ActiveCfg = Release|Any CPU
		{7F5ED94D-5829-4BE4-B6B7-B4DC4B65BE88}.Release|Any CPU.Build.0 = Release|Any CPU
		{7F5ED94D-5829-4BE4-B6B7-B4DC4B65BE88}.Release|x64.ActiveCfg = Release|x64
		{7F5ED94D-5829-4BE4-B6B7-B4DC4B65BE88}.Release|x64.Build.0 = Release|x64
		{7F5ED94D-5829-4BE4-B6B7-B4DC4B65BE88}.Release|x86.ActiveCfg = Release|Any CPU
		{7F5ED94D-5829-4BE4-B6B7-B4DC4B65BE88}.Release|x86.Build.0 = Release|Any CPU
		{35DC943C-1BED-4AEC-9FD5-E18F12E18EF0}.Debug|Any CPU.ActiveCfg = Debug|Any CPU
		{35DC943C-1BED-4AEC-9FD5-E18F12E18EF0}.Debug|Any CPU.Build.0 = Debug|Any CPU
		{35DC943C-1BED-4AEC-9FD5-E18F12E18EF0}.Debug|x64.ActiveCfg = Debug|Any CPU
		{35DC943C-1BED-4AEC-9FD5-E18F12E18EF0}.Debug|x64.Build.0 = Debug|Any CPU
		{35DC943C-1BED-4AEC-9FD5-E18F12E18EF0}.Debug|x86.ActiveCfg = Debug|Any CPU
		{35DC943C-1BED-4AEC-9FD5-E18F12E18EF0}.Debug|x86.Build.0 = Debug|Any CPU
		{35DC943C-1BED-4AEC-9FD5-E18F12E18EF0}.Release|Any CPU.ActiveCfg = Release|Any CPU
		{35DC943C-1BED-4AEC-9FD5-E18F12E18EF0}.Release|Any CPU.Build.0 = Release|Any CPU
		{35DC943C-1BED-4AEC-9FD5-E18F12E18EF0}.Release|x64.ActiveCfg = Release|Any CPU
		{35DC943C-1BED-4AEC-9FD5-E18F12E18EF0}.Release|x64.Build.0 = Release|Any CPU
		{35DC943C-1BED-4AEC-9FD5-E18F12E18EF0}.Release|x86.ActiveCfg = Release|Any CPU
		{35DC943C-1BED-4AEC-9FD5-E18F12E18EF0}.Release|x86.Build.0 = Release|Any CPU
	EndGlobalSection
	GlobalSection(SolutionProperties) = preSolution
		HideSolutionNode = FALSE
	EndGlobalSection
	GlobalSection(ExtensibilityGlobals) = postSolution
		SolutionGuid = {B80C1CDB-46EE-40A6-94B8-F01694AD3D94}
	EndGlobalSection
EndGlobal
